// !$*UTF8*$!
{
	archiveVersion = 1;
	classes = {
	};
	objectVersion = 54;
	objects = {

/* Begin PBXBuildFile section */
		01F64C6B0D39F3B773C45A4F /* ShortcutsManager.swift in Sources */ = {isa = PBXBuildFile; fileRef = 4E0340FC52683C544BBF6DFE /* ShortcutsManager.swift */; };
		07123454BB79A8C884ECAA07 /* MeasurementService.swift in Sources */ = {isa = PBXBuildFile; fileRef = 61F1EAE3DFD0471B4A36081B /* MeasurementService.swift */; };
		177EECD563CC348C85FA0BC7 /* MeasurementHistoryView.swift in Sources */ = {isa = PBXBuildFile; fileRef = 68D9F4E5D9BD0CFA771E777D /* MeasurementHistoryView.swift */; };
		338892052710B569235B19A2 /* MeasurementAnalysis.swift in Sources */ = {isa = PBXBuildFile; fileRef = FEE4C18095BC67D048B68A39 /* MeasurementAnalysis.swift */; };
		34991A92027F33DD252C5B38 /* ContentView.swift in Sources */ = {isa = PBXBuildFile; fileRef = 888A57207F5C0F573D8573A9 /* ContentView.swift */; };
		39B1D585C4ACF8FF033DF4EA /* CaliberWidgets.swift in Sources */ = {isa = PBXBuildFile; fileRef = DB7D1E1D7764738A266C9317 /* CaliberWidgets.swift */; };
		3E55273F9ED6DAC2409637E6 /* AppDelegate.swift in Sources */ = {isa = PBXBuildFile; fileRef = EBDB40F89D612C4C9C4E5B96 /* AppDelegate.swift */; };
		425A391EDAEA21D0613E97EE /* MeasurementStore.swift in Sources */ = {isa = PBXBuildFile; fileRef = AEAD6F49A270AB640461F28E /* MeasurementStore.swift */; };
		43DBC72CF032BC51E1C14456 /* main.swift in Sources */ = {isa = PBXBuildFile; fileRef = D718D3351B401148635D69FC /* main.swift */; };
		522A76D9CF0E32ADC37357C3 /* ExportService.swift in Sources */ = {isa = PBXBuildFile; fileRef = 48E971686C6D0FC41F3E0229 /* ExportService.swift */; };
		634923E01E9705F2314FBA26 /* CaliberWidgets.appex in Embed Foundation Extensions */ = {isa = PBXBuildFile; fileRef = 6A0B2FCA3DDBE5EE17BA77DA /* CaliberWidgets.appex */; settings = {ATTRIBUTES = (RemoveHeadersOnCopy, ); }; };
		7B45863AC8CE828E0CC44651 /* MeasurementHistory.swift in Sources */ = {isa = PBXBuildFile; fileRef = 69DA9530A16A406D45403B09 /* MeasurementHistory.swift */; };
		8025DC072161B36E2389EBC8 /* Theme.swift in Sources */ = {isa = PBXBuildFile; fileRef = 5E6E9B85892622C5F2615CB0 /* Theme.swift */; };
		95C731AE319140627026D6D4 /* iCloudSyncManager.swift in Sources */ = {isa = PBXBuildFile; fileRef = 71D686A567779DCE13B19E67 /* iCloudSyncManager.swift */; };
		BEECEE76B8DC2CE363F9E873 /* MeasurementOverlayWindow.swift in Sources */ = {isa = PBXBuildFile; fileRef = 911B05B842BC8B90D3815729 /* MeasurementOverlayWindow.swift */; };
		C42278FE83B99F41D2C21C5E /* CameraRuler.swift in Sources */ = {isa = PBXBuildFile; fileRef = 8400B5564FB9979097A0D7B1 /* CameraRuler.swift */; };
		F5B97B3694F2BBEE0DAE5200 /* UnitsConverter.swift in Sources */ = {isa = PBXBuildFile; fileRef = DACEDD3C206058E706DCF63F /* UnitsConverter.swift */; };
		AABBCCDD11223344AABBCCEE /* MeasurementIntelligence.swift in Sources */ = {isa = PBXBuildFile; fileRef = AABBCCDD11223344EEFF0011 /* MeasurementIntelligence.swift */; };
/* End PBXBuildFile section */

/* Begin PBXContainerItemProxy section */
		4BA09051F7C028F316683F3C /* PBXContainerItemProxy */ = {
			isa = PBXContainerItemProxy;
			containerPortal = 2EAE6C2E05F6D4A857549DBD /* Project object */;
			proxyType = 1;
			remoteGlobalIDString = CC478827C82815608BE40F59;
			remoteInfo = CaliberWidgets;
		};
/* End PBXContainerItemProxy section */

/* Begin PBXCopyFilesBuildPhase section */
		30820F00CBE4A40D26C0C878 /* Embed Foundation Extensions */ = {
			isa = PBXCopyFilesBuildPhase;
			buildActionMask = 2147483647;
			dstPath = "";
			dstSubfolderSpec = 13;
			files = (
				634923E01E9705F2314FBA26 /* CaliberWidgets.appex in Embed Foundation Extensions */,
			);
			name = "Embed Foundation Extensions";
			runOnlyForDeploymentPostprocessing = 0;
		};
/* End PBXCopyFilesBuildPhase section */

/* Begin PBXFileReference section */
		2F90D98DD8FE1290B2753BDB /* Caliber.app */ = {isa = PBXFileReference; explicitFileType = wrapper.application; includeInIndex = 0; path = Caliber.app; sourceTree = BUILT_PRODUCTS_DIR; };
		48E971686C6D0FC41F3E0229 /* ExportService.swift */ = {isa = PBXFileReference; lastKnownFileType = sourcecode.swift; path = ExportService.swift; sourceTree = "<group>"; };
		4E0340FC52683C544BBF6DFE /* ShortcutsManager.swift */ = {isa = PBXFileReference; lastKnownFileType = sourcecode.swift; path = ShortcutsManager.swift; sourceTree = "<group>"; };
		4E8431BB3437675F17FBCCD0 /* Caliber.entitlements */ = {isa = PBXFileReference; lastKnownFileType = text.plist.entitlements; path = Caliber.entitlements; sourceTree = "<group>"; };
		5E6E9B85892622C5F2615CB0 /* Theme.swift */ = {isa = PBXFileReference; lastKnownFileType = sourcecode.swift; path = Theme.swift; sourceTree = "<group>"; };
		61F1EAE3DFD0471B4A36081B /* MeasurementService.swift */ = {isa = PBXFileReference; lastKnownFileType = sourcecode.swift; path = MeasurementService.swift; sourceTree = "<group>"; };
		68D9F4E5D9BD0CFA771E777D /* MeasurementHistoryView.swift */ = {isa = PBXFileReference; lastKnownFileType = sourcecode.swift; path = MeasurementHistoryView.swift; sourceTree = "<group>"; };
		69DA9530A16A406D45403B09 /* MeasurementHistory.swift */ = {isa = PBXFileReference; lastKnownFileType = sourcecode.swift; path = MeasurementHistory.swift; sourceTree = "<group>"; };
		6A0B2FCA3DDBE5EE17BA77DA /* CaliberWidgets.appex */ = {isa = PBXFileReference; explicitFileType = "wrapper.app-extension"; includeInIndex = 0; path = CaliberWidgets.appex; sourceTree = BUILT_PRODUCTS_DIR; };
		71D686A567779DCE13B19E67 /* iCloudSyncManager.swift */ = {isa = PBXFileReference; lastKnownFileType = sourcecode.swift; path = iCloudSyncManager.swift; sourceTree = "<group>"; };
		74A57E0ACB4706101B88876A /* Info.plist */ = {isa = PBXFileReference; lastKnownFileType = text.plist; path = Info.plist; sourceTree = "<group>"; };
		779C907AEDA04751F487132F /* Info.plist */ = {isa = PBXFileReference; lastKnownFileType = text.plist; path = Info.plist; sourceTree = "<group>"; };
		8400B5564FB9979097A0D7B1 /* CameraRuler.swift */ = {isa = PBXFileReference; lastKnownFileType = sourcecode.swift; path = CameraRuler.swift; sourceTree = "<group>"; };
		85E9F59A03763A339CCA0CDE /* CaliberWidgets.entitlements */ = {isa = PBXFileReference; lastKnownFileType = text.plist.entitlements; path = CaliberWidgets.entitlements; sourceTree = "<group>"; };
		888A57207F5C0F573D8573A9 /* ContentView.swift */ = {isa = PBXFileReference; lastKnownFileType = sourcecode.swift; path = ContentView.swift; sourceTree = "<group>"; };
		911B05B842BC8B90D3815729 /* MeasurementOverlayWindow.swift */ = {isa = PBXFileReference; lastKnownFileType = sourcecode.swift; path = MeasurementOverlayWindow.swift; sourceTree = "<group>"; };
		AEAD6F49A270AB640461F28E /* MeasurementStore.swift */ = {isa = PBXFileReference; lastKnownFileType = sourcecode.swift; path = MeasurementStore.swift; sourceTree = "<group>"; };
		D718D3351B401148635D69FC /* main.swift */ = {isa = PBXFileReference; lastKnownFileType = sourcecode.swift; path = main.swift; sourceTree = "<group>"; };
		DACEDD3C206058E706DCF63F /* UnitsConverter.swift */ = {isa = PBXFileReference; lastKnownFileType = sourcecode.swift; path = UnitsConverter.swift; sourceTree = "<group>"; };
		DB7D1E1D7764738A266C9317 /* CaliberWidgets.swift */ = {isa = PBXFileReference; lastKnownFileType = sourcecode.swift; path = CaliberWidgets.swift; sourceTree = "<group>"; };
		EBDB40F89D612C4C9C4E5B96 /* AppDelegate.swift */ = {isa = PBXFileReference; lastKnownFileType = sourcecode.swift; path = AppDelegate.swift; sourceTree = "<group>"; };
		FEE4C18095BC67D048B68A39 /* MeasurementAnalysis.swift */ = {isa = PBXFileReference; lastKnownFileType = sourcecode.swift; path = MeasurementAnalysis.swift; sourceTree = "<group>"; };
		AABBCCDD11223344EEFF0011 /* MeasurementIntelligence.swift */ = {isa = PBXFileReference; lastKnownFileType = sourcecode.swift; path = MeasurementIntelligence.swift; sourceTree = "<group>"; };
/* End PBXFileReference section */

/* Begin PBXGroup section */
		22BB9C48EE457C6C8A8F3942 /* Services */ = {
			isa = PBXGroup;
			children = (
				71D686A567779DCE13B19E67 /* iCloudSyncManager.swift */,
				4E0340FC52683C544BBF6DFE /* ShortcutsManager.swift */,
			);
			path = Services;
			sourceTree = "<group>";
		};
		4297957D7BCA1CFEADC557C5 /* CaliberWidgets */ = {
			isa = PBXGroup;
			children = (
				85E9F59A03763A339CCA0CDE /* CaliberWidgets.entitlements */,
				DB7D1E1D7764738A266C9317 /* CaliberWidgets.swift */,
				779C907AEDA04751F487132F /* Info.plist */,
			);
			path = CaliberWidgets;
			sourceTree = "<group>";
		};
		9D7EF39DFE9D6ADEBD12F65E /* Products */ = {
			isa = PBXGroup;
			children = (
				2F90D98DD8FE1290B2753BDB /* Caliber.app */,
				6A0B2FCA3DDBE5EE17BA77DA /* CaliberWidgets.appex */,
			);
			name = Products;
			sourceTree = "<group>";
		};
		B53CC92CC7E7053AB82C4A41 = {
			isa = PBXGroup;
			children = (
				4297957D7BCA1CFEADC557C5 /* CaliberWidgets */,
				C45EDB64194D875C2E56088F /* Sources */,
				9D7EF39DFE9D6ADEBD12F65E /* Products */,
			);
			sourceTree = "<group>";
		};
		C45EDB64194D875C2E56088F /* Sources */ = {
			isa = PBXGroup;
			children = (
				EBDB40F89D612C4C9C4E5B96 /* AppDelegate.swift */,
				4E8431BB3437675F17FBCCD0 /* Caliber.entitlements */,
				8400B5564FB9979097A0D7B1 /* CameraRuler.swift */,
				888A57207F5C0F573D8573A9 /* ContentView.swift */,
				48E971686C6D0FC41F3E0229 /* ExportService.swift */,
				74A57E0ACB4706101B88876A /* Info.plist */,
				D718D3351B401148635D69FC /* main.swift */,
				FEE4C18095BC67D048B68A39 /* MeasurementAnalysis.swift */,
				AABBCCDD11223344EEFF0011 /* MeasurementIntelligence.swift */,
				69DA9530A16A406D45403B09 /* MeasurementHistory.swift */,
				68D9F4E5D9BD0CFA771E777D /* MeasurementHistoryView.swift */,
				911B05B842BC8B90D3815729 /* MeasurementOverlayWindow.swift */,
				61F1EAE3DFD0471B4A36081B /* MeasurementService.swift */,
				AEAD6F49A270AB640461F28E /* MeasurementStore.swift */,
				5E6E9B85892622C5F2615CB0 /* Theme.swift */,
				DACEDD3C206058E706DCF63F /* UnitsConverter.swift */,
				22BB9C48EE457C6C8A8F3942 /* Services */,
			);
			path = Sources;
			sourceTree = "<group>";
		};
/* End PBXGroup section */

/* Begin PBXNativeTarget section */
		4D356CDC3A5B71314524C9B0 /* Caliber */ = {
			isa = PBXNativeTarget;
			buildConfigurationList = F0F73A7ED15D6EE87EA8E686 /* Build configuration list for PBXNativeTarget "Caliber" */;
			buildPhases = (
				5B0A81B4A3400101DF1E909B /* Sources */,
				30820F00CBE4A40D26C0C878 /* Embed Foundation Extensions */,
			);
			buildRules = (
			);
			dependencies = (
				77D6FEB94A649F446EB822D9 /* PBXTargetDependency */,
			);
			name = Caliber;
			productName = Caliber;
			productReference = 2F90D98DD8FE1290B2753BDB /* Caliber.app */;
			productType = "com.apple.product-type.application";
		};
		CC478827C82815608BE40F59 /* CaliberWidgets */ = {
			isa = PBXNativeTarget;
			buildConfigurationList = B5EF28A72C5E984BA634EB89 /* Build configuration list for PBXNativeTarget "CaliberWidgets" */;
			buildPhases = (
				3529341EFEC77D3772DAC185 /* Sources */,
			);
			buildRules = (
			);
			dependencies = (
			);
			name = CaliberWidgets;
			productName = CaliberWidgets;
			productReference = 6A0B2FCA3DDBE5EE17BA77DA /* CaliberWidgets.appex */;
			productType = "com.apple.product-type.app-extension";
		};
/* End PBXNativeTarget section */

/* Begin PBXProject section */
		2EAE6C2E05F6D4A857549DBD /* Project object */ = {
			isa = PBXProject;
			attributes = {
				BuildIndependentTargetsInParallel = YES;
				LastUpgradeCheck = 1500;
				TargetAttributes = {
					4D356CDC3A5B71314524C9B0 = {
						DevelopmentTeam = "";
						ProvisioningStyle = Manual;
					};
					CC478827C82815608BE40F59 = {
						DevelopmentTeam = "";
						ProvisioningStyle = Manual;
					};
				};
			};
			buildConfigurationList = 7F4A964279548CA7B35F06B0 /* Build configuration list for PBXProject "Caliber" */;
			compatibilityVersion = "Xcode 14.0";
			developmentRegion = en;
			hasScannedForEncodings = 0;
			knownRegions = (
				Base,
				en,
			);
			mainGroup = B53CC92CC7E7053AB82C4A41;
			projectDirPath = "";
			projectRoot = "";
			targets = (
				4D356CDC3A5B71314524C9B0 /* Caliber */,
				CC478827C82815608BE40F59 /* CaliberWidgets */,
			);
		};
/* End PBXProject section */

/* Begin PBXSourcesBuildPhase section */
		3529341EFEC77D3772DAC185 /* Sources */ = {
			isa = PBXSourcesBuildPhase;
			buildActionMask = 2147483647;
			files = (
				39B1D585C4ACF8FF033DF4EA /* CaliberWidgets.swift in Sources */,
			);
			runOnlyForDeploymentPostprocessing = 0;
		};
		5B0A81B4A3400101DF1E909B /* Sources */ = {
			isa = PBXSourcesBuildPhase;
			buildActionMask = 2147483647;
			files = (
				3E55273F9ED6DAC2409637E6 /* AppDelegate.swift in Sources */,
				C42278FE83B99F41D2C21C5E /* CameraRuler.swift in Sources */,
				34991A92027F33DD252C5B38 /* ContentView.swift in Sources */,
				522A76D9CF0E32ADC37357C3 /* ExportService.swift in Sources */,
				338892052710B569235B19A2 /* MeasurementAnalysis.swift in Sources */,
				7B45863AC8CE828E0CC44651 /* MeasurementHistory.swift in Sources */,
				177EECD563CC348C85FA0BC7 /* MeasurementHistoryView.swift in Sources */,
				BEECEE76B8DC2CE363F9E873 /* MeasurementOverlayWindow.swift in Sources */,
				07123454BB79A8C884ECAA07 /* MeasurementService.swift in Sources */,
				425A391EDAEA21D0613E97EE /* MeasurementStore.swift in Sources */,
				01F64C6B0D39F3B773C45A4F /* ShortcutsManager.swift in Sources */,
				8025DC072161B36E2389EBC8 /* Theme.swift in Sources */,
				F5B97B3694F2BBEE0DAE5200 /* UnitsConverter.swift in Sources */,
				95C731AE319140627026D6D4 /* iCloudSyncManager.swift in Sources */,
				43DBC72CF032BC51E1C14456 /* main.swift in Sources */,
				AABBCCDD11223344AABBCCEE /* MeasurementIntelligence.swift in Sources */,
			);
			runOnlyForDeploymentPostprocessing = 0;
		};
/* End PBXSourcesBuildPhase section */

/* Begin PBXTargetDependency section */
		77D6FEB94A649F446EB822D9 /* PBXTargetDependency */ = {
			isa = PBXTargetDependency;
			target = CC478827C82815608BE40F59 /* CaliberWidgets */;
			targetProxy = 4BA09051F7C028F316683F3C /* PBXContainerItemProxy */;
		};
/* End PBXTargetDependency section */

/* Begin XCBuildConfiguration section */
		0D2D822BDE779DFA7467B037 /* Debug */ = {
			isa = XCBuildConfiguration;
			buildSettings = {
				ASSETCATALOG_COMPILER_APPICON_NAME = AppIcon;
				CODE_SIGN_ENTITLEMENTS = Sources/Caliber.entitlements;
				COMBINE_HIDPI_IMAGES = YES;
				INFOPLIST_FILE = Sources/Info.plist;
				LD_RUNPATH_SEARCH_PATHS = "$(inherited) @executable_path/../Frameworks";
				PRODUCT_BUNDLE_IDENTIFIER = com.caliber.app;
				SDKROOT = macosx;
				SWIFT_EMIT_LOC_STRINGS = YES;
			};
			name = Debug;
		};
		56943CEB2B6CDCB8E13FB6A3 /* Debug */ = {
			isa = XCBuildConfiguration;
			buildSettings = {
				ALWAYS_SEARCH_USER_PATHS = NO;
				CLANG_ANALYZER_NONNULL = YES;
				CLANG_ANALYZER_NUMBER_OBJECT_CONVERSION = YES_AGGRESSIVE;
				CLANG_CXX_LANGUAGE_STANDARD = "gnu++14";
				CLANG_CXX_LIBRARY = "libc++";
				CLANG_ENABLE_MODULES = YES;
				CLANG_ENABLE_OBJC_ARC = YES;
				CLANG_ENABLE_OBJC_WEAK = YES;
				CLANG_WARN_BLOCK_CAPTURE_AUTORELEASING = YES;
				CLANG_WARN_BOOL_CONVERSION = YES;
				CLANG_WARN_COMMA = YES;
				CLANG_WARN_CONSTANT_CONVERSION = YES;
				CLANG_WARN_DEPRECATED_OBJC_IMPLEMENTATIONS = YES;
				CLANG_WARN_DIRECT_OBJC_ISA_USAGE = YES_ERROR;
				CLANG_WARN_DOCUMENTATION_COMMENTS = YES;
				CLANG_WARN_EMPTY_BODY = YES;
				CLANG_WARN_ENUM_CONVERSION = YES;
				CLANG_WARN_INFINITE_RECURSION = YES;
				CLANG_WARN_INT_CONVERSION = YES;
				CLANG_WARN_NON_LITERAL_NULL_CONVERSION = YES;
				CLANG_WARN_OBJC_IMPLICIT_RETAIN_SELF = YES;
				CLANG_WARN_OBJC_LITERAL_CONVERSION = YES;
				CLANG_WARN_OBJC_ROOT_CLASS = YES_ERROR;
				CLANG_WARN_QUOTED_INCLUDE_IN_FRAMEWORK_HEADER = YES;
				CLANG_WARN_RANGE_LOOP_ANALYSIS = YES;
				CLANG_WARN_STRICT_PROTOTYPES = YES;
				CLANG_WARN_SUSPICIOUS_MOVE = YES;
				CLANG_WARN_UNGUARDED_AVAILABILITY = YES_AGGRESSIVE;
				CLANG_WARN_UNREACHABLE_CODE = YES;
				CLANG_WARN__DUPLICATE_METHOD_MATCH = YES;
				CODE_SIGN_IDENTITY = "-";
				CODE_SIGN_STYLE = Manual;
				COPY_PHASE_STRIP = NO;
				DEBUG_INFORMATION_FORMAT = dwarf;
				DEVELOPMENT_TEAM = "";
				ENABLE_HARDENED_RUNTIME = YES;
				ENABLE_STRICT_OBJC_MSGSEND = YES;
				ENABLE_TESTABILITY = YES;
				GCC_C_LANGUAGE_STANDARD = gnu11;
				GCC_DYNAMIC_NO_PIC = NO;
				GCC_NO_COMMON_BLOCKS = YES;
				GCC_OPTIMIZATION_LEVEL = 0;
				GCC_PREPROCESSOR_DEFINITIONS = (
					"$(inherited)",
					"DEBUG=1",
				);
				GCC_WARN_64_TO_32_BIT_CONVERSION = YES;
				GCC_WARN_ABOUT_RETURN_TYPE = YES_ERROR;
				GCC_WARN_UNDECLARED_SELECTOR = YES;
				GCC_WARN_UNINITIALIZED_AUTOS = YES_AGGRESSIVE;
				GCC_WARN_UNUSED_FUNCTION = YES;
				GCC_WARN_UNUSED_VARIABLE = YES;
				MACOSX_DEPLOYMENT_TARGET = 13.0;
				MTL_ENABLE_DEBUG_INFO = INCLUDE_SOURCE;
				MTL_FAST_MATH = YES;
				ONLY_ACTIVE_ARCH = YES;
				PRODUCT_NAME = "$(TARGET_NAME)";
				SDKROOT = macosx;
				SWIFT_ACTIVE_COMPILATION_CONDITIONS = DEBUG;
				SWIFT_OPTIMIZATION_LEVEL = "-Onone";
				SWIFT_VERSION = 5.9;
			};
			name = Debug;
		};
		66EAF00B8428277D4B615A96 /* Debug */ = {
			isa = XCBuildConfiguration;
			buildSettings = {
				CODE_SIGN_ENTITLEMENTS = CaliberWidgets/CaliberWidgets.entitlements;
				CODE_SIGN_IDENTITY = "-";
				CODE_SIGN_STYLE = Manual;
				COMBINE_HIDPI_IMAGES = YES;
				DEVELOPMENT_TEAM = "";
				ENABLE_HARDENED_RUNTIME = YES;
				INFOPLIST_FILE = CaliberWidgets/Info.plist;
				LD_RUNPATH_SEARCH_PATHS = "$(inherited) @executable_path/../Frameworks @executable_path/../../../../Frameworks";
				MACOSX_DEPLOYMENT_TARGET = 14.0;
				PRODUCT_BUNDLE_IDENTIFIER = com.caliber.app.widgets;
				PRODUCT_NAME = CaliberWidgets;
				SDKROOT = macosx;
				SKIP_INSTALL = YES;
				SWIFT_VERSION = 5.9;
			};
			name = Debug;
		};
		B87AD4BCDDB6D88A3F7D5DEF /* Release */ = {
			isa = XCBuildConfiguration;
			buildSettings = {
				CODE_SIGN_ENTITLEMENTS = CaliberWidgets/CaliberWidgets.entitlements;
				CODE_SIGN_IDENTITY = "-";
				CODE_SIGN_STYLE = Manual;
				COMBINE_HIDPI_IMAGES = YES;
				DEVELOPMENT_TEAM = "";
				ENABLE_HARDENED_RUNTIME = YES;
				INFOPLIST_FILE = CaliberWidgets/Info.plist;
				LD_RUNPATH_SEARCH_PATHS = "$(inherited) @executable_path/../Frameworks @executable_path/../../../../Frameworks";
				MACOSX_DEPLOYMENT_TARGET = 14.0;
				PRODUCT_BUNDLE_IDENTIFIER = com.caliber.app.widgets;
				PRODUCT_NAME = CaliberWidgets;
				SDKROOT = macosx;
				SKIP_INSTALL = YES;
				SWIFT_VERSION = 5.9;
			};
			name = Release;
		};
		D407E1E227B5D8C2C50537C7 /* Release */ = {
			isa = XCBuildConfiguration;
			buildSettings = {
				ALWAYS_SEARCH_USER_PATHS = NO;
				CLANG_ANALYZER_NONNULL = YES;
				CLANG_ANALYZER_NUMBER_OBJECT_CONVERSION = YES_AGGRESSIVE;
				CLANG_CXX_LANGUAGE_STANDARD = "gnu++14";
				CLANG_CXX_LIBRARY = "libc++";
				CLANG_ENABLE_MODULES = YES;
				CLANG_ENABLE_OBJC_ARC = YES;
				CLANG_ENABLE_OBJC_WEAK = YES;
				CLANG_WARN_BLOCK_CAPTURE_AUTORELEASING = YES;
				CLANG_WARN_BOOL_CONVERSION = YES;
				CLANG_WARN_COMMA = YES;
				CLANG_WARN_CONSTANT_CONVERSION = YES;
				CLANG_WARN_DEPRECATED_OBJC_IMPLEMENTATIONS = YES;
				CLANG_WARN_DIRECT_OBJC_ISA_USAGE = YES_ERROR;
				CLANG_WARN_DOCUMENTATION_COMMENTS = YES;
				CLANG_WARN_EMPTY_BODY = YES;
				CLANG_WARN_ENUM_CONVERSION = YES;
				CLANG_WARN_INFINITE_RECURSION = YES;
				CLANG_WARN_INT_CONVERSION = YES;
				CLANG_WARN_NON_LITERAL_NULL_CONVERSION = YES;
				CLANG_WARN_OBJC_IMPLICIT_RETAIN_SELF = YES;
				CLANG_WARN_OBJC_LITERAL_CONVERSION = YES;
				CLANG_WARN_OBJC_ROOT_CLASS = YES_ERROR;
				CLANG_WARN_QUOTED_INCLUDE_IN_FRAMEWORK_HEADER = YES;
				CLANG_WARN_RANGE_LOOP_ANALYSIS = YES;
				CLANG_WARN_STRICT_PROTOTYPES = YES;
				CLANG_WARN_SUSPICIOUS_MOVE = YES;
				CLANG_WARN_UNGUARDED_AVAILABILITY = YES_AGGRESSIVE;
				CLANG_WARN_UNREACHABLE_CODE = YES;
				CLANG_WARN__DUPLICATE_METHOD_MATCH = YES;
				CODE_SIGN_IDENTITY = "-";
				CODE_SIGN_STYLE = Manual;
				COPY_PHASE_STRIP = NO;
				DEBUG_INFORMATION_FORMAT = "dwarf-with-dsym";
				DEVELOPMENT_TEAM = "";
				ENABLE_HARDENED_RUNTIME = YES;
				ENABLE_NS_ASSERTIONS = NO;
				ENABLE_STRICT_OBJC_MSGSEND = YES;
				GCC_C_LANGUAGE_STANDARD = gnu11;
				GCC_NO_COMMON_BLOCKS = YES;
				GCC_WARN_64_TO_32_BIT_CONVERSION = YES;
				GCC_WARN_ABOUT_RETURN_TYPE = YES_ERROR;
				GCC_WARN_UNDECLARED_SELECTOR = YES;
				GCC_WARN_UNINITIALIZED_AUTOS = YES_AGGRESSIVE;
				GCC_WARN_UNUSED_FUNCTION = YES;
				GCC_WARN_UNUSED_VARIABLE = YES;
				MACOSX_DEPLOYMENT_TARGET = 13.0;
				MTL_ENABLE_DEBUG_INFO = NO;
				MTL_FAST_MATH = YES;
				PRODUCT_NAME = "$(TARGET_NAME)";
				SDKROOT = macosx;
				SWIFT_COMPILATION_MODE = wholemodule;
				SWIFT_OPTIMIZATION_LEVEL = "-O";
				SWIFT_VERSION = 5.9;
			};
			name = Release;
		};
		DA341E63EA4ECE42171A3F70 /* Release */ = {
			isa = XCBuildConfiguration;
			buildSettings = {
				ASSETCATALOG_COMPILER_APPICON_NAME = AppIcon;
				CODE_SIGN_ENTITLEMENTS = Sources/Caliber.entitlements;
				COMBINE_HIDPI_IMAGES = YES;
				INFOPLIST_FILE = Sources/Info.plist;
				LD_RUNPATH_SEARCH_PATHS = "$(inherited) @executable_path/../Frameworks";
				PRODUCT_BUNDLE_IDENTIFIER = com.caliber.app;
				SDKROOT = macosx;
				SWIFT_EMIT_LOC_STRINGS = YES;
			};
			name = Release;
		};
/* End XCBuildConfiguration section */

/* Begin XCConfigurationList section */
		7F4A964279548CA7B35F06B0 /* Build configuration list for PBXProject "Caliber" */ = {
			isa = XCConfigurationList;
			buildConfigurations = (
				56943CEB2B6CDCB8E13FB6A3 /* Debug */,
				D407E1E227B5D8C2C50537C7 /* Release */,
			);
			defaultConfigurationIsVisible = 0;
			defaultConfigurationName = Debug;
		};
		B5EF28A72C5E984BA634EB89 /* Build configuration list for PBXNativeTarget "CaliberWidgets" */ = {
			isa = XCConfigurationList;
			buildConfigurations = (
				66EAF00B8428277D4B615A96 /* Debug */,
				B87AD4BCDDB6D88A3F7D5DEF /* Release */,
			);
			defaultConfigurationIsVisible = 0;
			defaultConfigurationName = Debug;
		};
		F0F73A7ED15D6EE87EA8E686 /* Build configuration list for PBXNativeTarget "Caliber" */ = {
			isa = XCConfigurationList;
			buildConfigurations = (
				0D2D822BDE779DFA7467B037 /* Debug */,
				DA341E63EA4ECE42171A3F70 /* Release */,
			);
			defaultConfigurationIsVisible = 0;
			defaultConfigurationName = Debug;
		};
/* End XCConfigurationList section */
	};
	rootObject = 2EAE6C2E05F6D4A857549DBD /* Project object */;
}
